
Microsoft Visual Studio Solution File, Format Version 12.00
# Visual Studio Version 16
VisualStudioVersion = 16.0.29102.190
MinimumVisualStudioVersion = 10.0.40219.1
Project("{FAE04EC0-301F-11D3-BF4B-00C04F79EFBC}") = "Banco", "Banco\Banco.csproj", "{B5AD0E80-6A65-4770-BC73-D79789E8C022}"
EndProject
Global
	GlobalSection(SolutionConfigurationPlatforms) = preSolution
		Debug|Any CPU = Debug|Any CPU
		Release|Any CPU = Release|Any CPU
	EndGlobalSection
	GlobalSection(ProjectConfigurationPlatforms) = postSolution
		{B5AD0E80-6A65-4770-BC73-D79789E8C022}.Debug|Any CPU.ActiveCfg = Debug|Any CPU
		{B5AD0E80-6A65-4770-BC73-D79789E8C022}.Debug|Any CPU.Build.0 = Debug|Any CPU
		{B5AD0E80-6A65-4770-BC73-D79789E8C022}.Release|Any CPU.ActiveCfg = Release|Any CPU
		{B5AD0E80-6A65-4770-BC73-D79789E8C022}.Release|Any CPU.Build.0 = Release|Any CPU
	EndGlobalSection
	GlobalSection(SolutionProperties) = preSolution
		HideSolutionNode = FALSE
	EndGlobalSection
	GlobalSection(ExtensibilityGlobals) = postSolution
		SolutionGuid = {10B53A78-C1D2-48C0-A569-11936A1CF7CD}
	EndGlobalSection
EndGlobal
